
Microsoft Visual Studio Solution File, Format Version 12.00
# Visual Studio 15
VisualStudioVersion = 15.0.27004.2005
MinimumVisualStudioVersion = 10.0.40219.1
Project("{FAE04EC0-301F-11D3-BF4B-00C04F79EFBC}") = "CSI.ClientUI", "CSI.ClientUI\CSI.ClientUI.csproj", "{2D2DB5EA-4689-40DB-ACA5-B7A48C00DB88}"
EndProject
Project("{FAE04EC0-301F-11D3-BF4B-00C04F79EFBC}") = "ClassLibrary1", "ClassLibrary1\ClassLibrary1.csproj", "{92079DC1-40B1-4F7B-AF86-57D69CD6BD88}"
EndProject
Global
	GlobalSection(SolutionConfigurationPlatforms) = preSolution
		Debug|Any CPU = Debug|Any CPU
		Release|Any CPU = Release|Any CPU
	EndGlobalSection
	GlobalSection(ProjectConfigurationPlatforms) = postSolution
		{2D2DB5EA-4689-40DB-ACA5-B7A48C00DB88}.Debug|Any CPU.ActiveCfg = Debug|Any CPU
		{2D2DB5EA-4689-40DB-ACA5-B7A48C00DB88}.Debug|Any CPU.Build.0 = Debug|Any CPU
		{2D2DB5EA-4689-40DB-ACA5-B7A48C00DB88}.Release|Any CPU.ActiveCfg = Release|Any CPU
		{2D2DB5EA-4689-40DB-ACA5-B7A48C00DB88}.Release|Any CPU.Build.0 = Release|Any CPU
		{92079DC1-40B1-4F7B-AF86-57D69CD6BD88}.Debug|Any CPU.ActiveCfg = Debug|Any CPU
		{92079DC1-40B1-4F7B-AF86-57D69CD6BD88}.Debug|Any CPU.Build.0 = Debug|Any CPU
		{92079DC1-40B1-4F7B-AF86-57D69CD6BD88}.Release|Any CPU.ActiveCfg = Release|Any CPU
		{92079DC1-40B1-4F7B-AF86-57D69CD6BD88}.Release|Any CPU.Build.0 = Release|Any CPU
	EndGlobalSection
	GlobalSection(SolutionProperties) = preSolution
		HideSolutionNode = FALSE
	EndGlobalSection
	GlobalSection(ExtensibilityGlobals) = postSolution
		SolutionGuid = {1D4216A3-A73C-43B0-AA29-58FB424F1BE5}
	EndGlobalSection
EndGlobal
